
Microsoft Visual Studio Solution File, Format Version 12.00
# Visual Studio Version 17
VisualStudioVersion = 17.11.35327.3
MinimumVisualStudioVersion = 10.0.40219.1
Project("{FAE04EC0-301F-11D3-BF4B-00C04F79EFBC}") = "ComplexityAnalyzer", "ComplexityAnalyzer\ComplexityAnalyzer.csproj", "{B64842AC-7EFC-4880-95BD-C82C32CD3198}"
EndProject
Global
	GlobalSection(SolutionConfigurationPlatforms) = preSolution
		Debug|Any CPU = Debug|Any CPU
		Release|Any CPU = Release|Any CPU
	EndGlobalSection
	GlobalSection(ProjectConfigurationPlatforms) = postSolution
		{B64842AC-7EFC-4880-95BD-C82C32CD3198}.Debug|Any CPU.ActiveCfg = Debug|Any CPU
		{B64842AC-7EFC-4880-95BD-C82C32CD3198}.Debug|Any CPU.Build.0 = Debug|Any CPU
		{B64842AC-7EFC-4880-95BD-C82C32CD3198}.Release|Any CPU.ActiveCfg = Release|Any CPU
		{B64842AC-7EFC-4880-95BD-C82C32CD3198}.Release|Any CPU.Build.0 = Release|Any CPU
	EndGlobalSection
	GlobalSection(SolutionProperties) = preSolution
		HideSolutionNode = FALSE
	EndGlobalSection
	GlobalSection(ExtensibilityGlobals) = postSolution
		SolutionGuid = {8E6A7F78-3CC0-4998-AEBA-967467134E4E}
	EndGlobalSection
EndGlobal
